
Microsoft Visual Studio Solution File, Format Version 12.00
# Visual Studio Version 16
VisualStudioVersion = 16.0.29009.5
MinimumVisualStudioVersion = 10.0.40219.1
Project("{FAE04EC0-301F-11D3-BF4B-00C04F79EFBC}") = "Pedidos", "Pedidos.csproj", "{13BB6D33-9A92-4C40-BD26-57DDFB05AD67}"
EndProject
Project("{FAE04EC0-301F-11D3-BF4B-00C04F79EFBC}") = "PedidosTests", "..\PedidosTests\PedidosTests.csproj", "{55784D4C-503C-4C21-BA95-6133410FB65C}"
EndProject
Global
	GlobalSection(SolutionConfigurationPlatforms) = preSolution
		Debug|Any CPU = Debug|Any CPU
		Release|Any CPU = Release|Any CPU
	EndGlobalSection
	GlobalSection(ProjectConfigurationPlatforms) = postSolution
		{13BB6D33-9A92-4C40-BD26-57DDFB05AD67}.Debug|Any CPU.ActiveCfg = Debug|Any CPU
		{13BB6D33-9A92-4C40-BD26-57DDFB05AD67}.Debug|Any CPU.Build.0 = Debug|Any CPU
		{13BB6D33-9A92-4C40-BD26-57DDFB05AD67}.Release|Any CPU.ActiveCfg = Release|Any CPU
		{13BB6D33-9A92-4C40-BD26-57DDFB05AD67}.Release|Any CPU.Build.0 = Release|Any CPU
		{55784D4C-503C-4C21-BA95-6133410FB65C}.Debug|Any CPU.ActiveCfg = Debug|Any CPU
		{55784D4C-503C-4C21-BA95-6133410FB65C}.Debug|Any CPU.Build.0 = Debug|Any CPU
		{55784D4C-503C-4C21-BA95-6133410FB65C}.Release|Any CPU.ActiveCfg = Release|Any CPU
		{55784D4C-503C-4C21-BA95-6133410FB65C}.Release|Any CPU.Build.0 = Release|Any CPU
	EndGlobalSection
	GlobalSection(SolutionProperties) = preSolution
		HideSolutionNode = FALSE
	EndGlobalSection
	GlobalSection(ExtensibilityGlobals) = postSolution
		SolutionGuid = {BEEDF409-671D-4E71-84E9-60A63B69756F}
	EndGlobalSection
EndGlobal
